// !$*UTF8*$!
{
	archiveVersion = 1;
	classes = {
	};
	objectVersion = 56;
	objects = {

/* Begin PBXBuildFile section */
		660A43172B7124B000BF863A /* TypeView.swift in Sources */ = {isa = PBXBuildFile; fileRef = 660A43162B7124B000BF863A /* TypeView.swift */; };
		701576292B67E9860094684C /* AppDelegate.swift in Sources */ = {isa = PBXBuildFile; fileRef = 701576282B67E9860094684C /* AppDelegate.swift */; };
		7015762B2B67E9860094684C /* SceneDelegate.swift in Sources */ = {isa = PBXBuildFile; fileRef = 7015762A2B67E9860094684C /* SceneDelegate.swift */; };
		701576322B67E9890094684C /* Assets.xcassets in Resources */ = {isa = PBXBuildFile; fileRef = 701576312B67E9890094684C /* Assets.xcassets */; };
		701576352B67E9890094684C /* LaunchScreen.storyboard in Resources */ = {isa = PBXBuildFile; fileRef = 701576332B67E9890094684C /* LaunchScreen.storyboard */; };
		7015763F2B67ED010094684C /* Pokemon.swift in Sources */ = {isa = PBXBuildFile; fileRef = 7015763E2B67ED010094684C /* Pokemon.swift */; };
		701576412B67ED3A0094684C /* PokedexViewController.swift in Sources */ = {isa = PBXBuildFile; fileRef = 701576402B67ED3A0094684C /* PokedexViewController.swift */; };
		701576432B67ED620094684C /* PokemonTableViewCell.swift in Sources */ = {isa = PBXBuildFile; fileRef = 701576422B67ED620094684C /* PokemonTableViewCell.swift */; };
		701576452B67ED7B0094684C /* PokemonService.swift in Sources */ = {isa = PBXBuildFile; fileRef = 701576442B67ED7B0094684C /* PokemonService.swift */; };
		703793E82B810A0800DCC0A4 /* TypeView2.swift in Sources */ = {isa = PBXBuildFile; fileRef = 703793E72B810A0800DCC0A4 /* TypeView2.swift */; };
		70B0E9422B7FA8690087D914 /* PokemonProfileViewController.swift in Sources */ = {isa = PBXBuildFile; fileRef = 70B0E9412B7FA8690087D914 /* PokemonProfileViewController.swift */; };
		70B261922B765BA50015C78F /* BackgroundView.swift in Sources */ = {isa = PBXBuildFile; fileRef = 70B261912B765BA50015C78F /* BackgroundView.swift */; };
		70BE88942B86464B004D118C /* PokemonWeaknessView.swift in Sources */ = {isa = PBXBuildFile; fileRef = 70BE88932B86464B004D118C /* PokemonWeaknessView.swift */; };
		70D5D4F12B828D8500CE097F /* PokemonFeature.swift in Sources */ = {isa = PBXBuildFile; fileRef = 70D5D4F02B828D8500CE097F /* PokemonFeature.swift */; };
/* End PBXBuildFile section */

/* Begin PBXFileReference section */
		660A43162B7124B000BF863A /* TypeView.swift */ = {isa = PBXFileReference; lastKnownFileType = sourcecode.swift; path = TypeView.swift; sourceTree = "<group>"; };
		701576252B67E9850094684C /* Pokedex.app */ = {isa = PBXFileReference; explicitFileType = wrapper.application; includeInIndex = 0; path = Pokedex.app; sourceTree = BUILT_PRODUCTS_DIR; };
		701576282B67E9860094684C /* AppDelegate.swift */ = {isa = PBXFileReference; lastKnownFileType = sourcecode.swift; path = AppDelegate.swift; sourceTree = "<group>"; };
		7015762A2B67E9860094684C /* SceneDelegate.swift */ = {isa = PBXFileReference; lastKnownFileType = sourcecode.swift; path = SceneDelegate.swift; sourceTree = "<group>"; };
		701576312B67E9890094684C /* Assets.xcassets */ = {isa = PBXFileReference; lastKnownFileType = folder.assetcatalog; path = Assets.xcassets; sourceTree = "<group>"; };
		701576342B67E9890094684C /* Base */ = {isa = PBXFileReference; lastKnownFileType = file.storyboard; name = Base; path = Base.lproj/LaunchScreen.storyboard; sourceTree = "<group>"; };
		701576362B67E9890094684C /* Info.plist */ = {isa = PBXFileReference; lastKnownFileType = text.plist.xml; path = Info.plist; sourceTree = "<group>"; };
		7015763E2B67ED010094684C /* Pokemon.swift */ = {isa = PBXFileReference; lastKnownFileType = sourcecode.swift; path = Pokemon.swift; sourceTree = "<group>"; };
		701576402B67ED3A0094684C /* PokedexViewController.swift */ = {isa = PBXFileReference; lastKnownFileType = sourcecode.swift; path = PokedexViewController.swift; sourceTree = "<group>"; };
		701576422B67ED620094684C /* PokemonTableViewCell.swift */ = {isa = PBXFileReference; lastKnownFileType = sourcecode.swift; path = PokemonTableViewCell.swift; sourceTree = "<group>"; };
		701576442B67ED7B0094684C /* PokemonService.swift */ = {isa = PBXFileReference; lastKnownFileType = sourcecode.swift; path = PokemonService.swift; sourceTree = "<group>"; };
		703793E72B810A0800DCC0A4 /* TypeView2.swift */ = {isa = PBXFileReference; lastKnownFileType = sourcecode.swift; path = TypeView2.swift; sourceTree = "<group>"; };
		70B0E9412B7FA8690087D914 /* PokemonProfileViewController.swift */ = {isa = PBXFileReference; lastKnownFileType = sourcecode.swift; path = PokemonProfileViewController.swift; sourceTree = "<group>"; };
		70B261912B765BA50015C78F /* BackgroundView.swift */ = {isa = PBXFileReference; lastKnownFileType = sourcecode.swift; path = BackgroundView.swift; sourceTree = "<group>"; };
		70BE88932B86464B004D118C /* PokemonWeaknessView.swift */ = {isa = PBXFileReference; lastKnownFileType = sourcecode.swift; path = PokemonWeaknessView.swift; sourceTree = "<group>"; };
		70D5D4F02B828D8500CE097F /* PokemonFeature.swift */ = {isa = PBXFileReference; lastKnownFileType = sourcecode.swift; path = PokemonFeature.swift; sourceTree = "<group>"; };
/* End PBXFileReference section */

/* Begin PBXFrameworksBuildPhase section */
		701576222B67E9850094684C /* Frameworks */ = {
			isa = PBXFrameworksBuildPhase;
			buildActionMask = 2147483647;
			files = (
			);
			runOnlyForDeploymentPostprocessing = 0;
		};
/* End PBXFrameworksBuildPhase section */

/* Begin PBXGroup section */
		7015761C2B67E9850094684C = {
			isa = PBXGroup;
			children = (
				701576272B67E9860094684C /* Pokedex */,
				701576262B67E9850094684C /* Products */,
			);
			sourceTree = "<group>";
		};
		701576262B67E9850094684C /* Products */ = {
			isa = PBXGroup;
			children = (
				701576252B67E9850094684C /* Pokedex.app */,
			);
			name = Products;
			sourceTree = "<group>";
		};
		701576272B67E9860094684C /* Pokedex */ = {
			isa = PBXGroup;
			children = (
				7015763C2B67EA340094684C /* Supporting files */,
				701576362B67E9890094684C /* Info.plist */,
				7015762A2B67E9860094684C /* SceneDelegate.swift */,
				701576312B67E9890094684C /* Assets.xcassets */,
				7015763D2B67ECB20094684C /* Model */,
				701576462B67EDA10094684C /* Networking */,
				701576402B67ED3A0094684C /* PokedexViewController.swift */,
				701576422B67ED620094684C /* PokemonTableViewCell.swift */,
				660A43162B7124B000BF863A /* TypeView.swift */,
				70B261912B765BA50015C78F /* BackgroundView.swift */,
				70B0E9412B7FA8690087D914 /* PokemonProfileViewController.swift */,
				70D5D4F02B828D8500CE097F /* PokemonFeature.swift */,
				703793E72B810A0800DCC0A4 /* TypeView2.swift */,
				70BE88932B86464B004D118C /* PokemonWeaknessView.swift */,
			);
			path = Pokedex;
			sourceTree = "<group>";
		};
		7015763C2B67EA340094684C /* Supporting files */ = {
			isa = PBXGroup;
			children = (
				701576282B67E9860094684C /* AppDelegate.swift */,
				701576332B67E9890094684C /* LaunchScreen.storyboard */,
			);
			path = "Supporting files";
			sourceTree = "<group>";
		};
		7015763D2B67ECB20094684C /* Model */ = {
			isa = PBXGroup;
			children = (
				7015763E2B67ED010094684C /* Pokemon.swift */,
			);
			path = Model;
			sourceTree = "<group>";
		};
		701576462B67EDA10094684C /* Networking */ = {
			isa = PBXGroup;
			children = (
				701576442B67ED7B0094684C /* PokemonService.swift */,
			);
			path = Networking;
			sourceTree = "<group>";
		};
/* End PBXGroup section */

/* Begin PBXNativeTarget section */
		701576242B67E9850094684C /* Pokedex */ = {
			isa = PBXNativeTarget;
			buildConfigurationList = 701576392B67E9890094684C /* Build configuration list for PBXNativeTarget "Pokedex" */;
			buildPhases = (
				701576212B67E9850094684C /* Sources */,
				701576222B67E9850094684C /* Frameworks */,
				701576232B67E9850094684C /* Resources */,
			);
			buildRules = (
			);
			dependencies = (
			);
			name = Pokedex;
			productName = Pokedex;
			productReference = 701576252B67E9850094684C /* Pokedex.app */;
			productType = "com.apple.product-type.application";
		};
/* End PBXNativeTarget section */

/* Begin PBXProject section */
		7015761D2B67E9850094684C /* Project object */ = {
			isa = PBXProject;
			attributes = {
				BuildIndependentTargetsInParallel = 1;
				LastSwiftUpdateCheck = 1510;
				LastUpgradeCheck = 1510;
				TargetAttributes = {
					701576242B67E9850094684C = {
						CreatedOnToolsVersion = 15.1;
					};
				};
			};
			buildConfigurationList = 701576202B67E9850094684C /* Build configuration list for PBXProject "Pokedex" */;
			compatibilityVersion = "Xcode 14.0";
			developmentRegion = en;
			hasScannedForEncodings = 0;
			knownRegions = (
				en,
				Base,
			);
			mainGroup = 7015761C2B67E9850094684C;
			productRefGroup = 701576262B67E9850094684C /* Products */;
			projectDirPath = "";
			projectRoot = "";
			targets = (
				701576242B67E9850094684C /* Pokedex */,
			);
		};
/* End PBXProject section */

/* Begin PBXResourcesBuildPhase section */
		701576232B67E9850094684C /* Resources */ = {
			isa = PBXResourcesBuildPhase;
			buildActionMask = 2147483647;
			files = (
				701576352B67E9890094684C /* LaunchScreen.storyboard in Resources */,
				701576322B67E9890094684C /* Assets.xcassets in Resources */,
			);
			runOnlyForDeploymentPostprocessing = 0;
		};
/* End PBXResourcesBuildPhase section */

/* Begin PBXSourcesBuildPhase section */
		701576212B67E9850094684C /* Sources */ = {
			isa = PBXSourcesBuildPhase;
			buildActionMask = 2147483647;
			files = (
				70D5D4F12B828D8500CE097F /* PokemonFeature.swift in Sources */,
				70BE88942B86464B004D118C /* PokemonWeaknessView.swift in Sources */,
				70B261922B765BA50015C78F /* BackgroundView.swift in Sources */,
				70B0E9422B7FA8690087D914 /* PokemonProfileViewController.swift in Sources */,
				7015763F2B67ED010094684C /* Pokemon.swift in Sources */,
				701576412B67ED3A0094684C /* PokedexViewController.swift in Sources */,
				660A43172B7124B000BF863A /* TypeView.swift in Sources */,
				701576432B67ED620094684C /* PokemonTableViewCell.swift in Sources */,
				701576452B67ED7B0094684C /* PokemonService.swift in Sources */,
				703793E82B810A0800DCC0A4 /* TypeView2.swift in Sources */,
				701576292B67E9860094684C /* AppDelegate.swift in Sources */,
				7015762B2B67E9860094684C /* SceneDelegate.swift in Sources */,
			);
			runOnlyForDeploymentPostprocessing = 0;
		};
/* End PBXSourcesBuildPhase section */

/* Begin PBXVariantGroup section */
		701576332B67E9890094684C /* LaunchScreen.storyboard */ = {
			isa = PBXVariantGroup;
			children = (
				701576342B67E9890094684C /* Base */,
			);
			name = LaunchScreen.storyboard;
			sourceTree = "<group>";
		};
/* End PBXVariantGroup section */

/* Begin XCBuildConfiguration section */
		701576372B67E9890094684C /* Debug */ = {
			isa = XCBuildConfiguration;
			buildSettings = {
				ALWAYS_SEARCH_USER_PATHS = NO;
				ASSETCATALOG_COMPILER_GENERATE_SWIFT_ASSET_SYMBOL_EXTENSIONS = YES;
				CLANG_ANALYZER_NONNULL = YES;
				CLANG_ANALYZER_NUMBER_OBJECT_CONVERSION = YES_AGGRESSIVE;
				CLANG_CXX_LANGUAGE_STANDARD = "gnu++20";
				CLANG_ENABLE_MODULES = YES;
				CLANG_ENABLE_OBJC_ARC = YES;
				CLANG_ENABLE_OBJC_WEAK = YES;
				CLANG_WARN_BLOCK_CAPTURE_AUTORELEASING = YES;
				CLANG_WARN_BOOL_CONVERSION = YES;
				CLANG_WARN_COMMA = YES;
				CLANG_WARN_CONSTANT_CONVERSION = YES;
				CLANG_WARN_DEPRECATED_OBJC_IMPLEMENTATIONS = YES;
				CLANG_WARN_DIRECT_OBJC_ISA_USAGE = YES_ERROR;
				CLANG_WARN_DOCUMENTATION_COMMENTS = YES;
				CLANG_WARN_EMPTY_BODY = YES;
				CLANG_WARN_ENUM_CONVERSION = YES;
				CLANG_WARN_INFINITE_RECURSION = YES;
				CLANG_WARN_INT_CONVERSION = YES;
				CLANG_WARN_NON_LITERAL_NULL_CONVERSION = YES;
				CLANG_WARN_OBJC_IMPLICIT_RETAIN_SELF = YES;
				CLANG_WARN_OBJC_LITERAL_CONVERSION = YES;
				CLANG_WARN_OBJC_ROOT_CLASS = YES_ERROR;
				CLANG_WARN_QUOTED_INCLUDE_IN_FRAMEWORK_HEADER = YES;
				CLANG_WARN_RANGE_LOOP_ANALYSIS = YES;
				CLANG_WARN_STRICT_PROTOTYPES = YES;
				CLANG_WARN_SUSPICIOUS_MOVE = YES;
				CLANG_WARN_UNGUARDED_AVAILABILITY = YES_AGGRESSIVE;
				CLANG_WARN_UNREACHABLE_CODE = YES;
				CLANG_WARN__DUPLICATE_METHOD_MATCH = YES;
				COPY_PHASE_STRIP = NO;
				DEBUG_INFORMATION_FORMAT = dwarf;
				ENABLE_STRICT_OBJC_MSGSEND = YES;
				ENABLE_TESTABILITY = YES;
				ENABLE_USER_SCRIPT_SANDBOXING = YES;
				GCC_C_LANGUAGE_STANDARD = gnu17;
				GCC_DYNAMIC_NO_PIC = NO;
				GCC_NO_COMMON_BLOCKS = YES;
				GCC_OPTIMIZATION_LEVEL = 0;
				GCC_PREPROCESSOR_DEFINITIONS = (
					"DEBUG=1",
					"$(inherited)",
				);
				GCC_WARN_64_TO_32_BIT_CONVERSION = YES;
				GCC_WARN_ABOUT_RETURN_TYPE = YES_ERROR;
				GCC_WARN_UNDECLARED_SELECTOR = YES;
				GCC_WARN_UNINITIALIZED_AUTOS = YES_AGGRESSIVE;
				GCC_WARN_UNUSED_FUNCTION = YES;
				GCC_WARN_UNUSED_VARIABLE = YES;
				IPHONEOS_DEPLOYMENT_TARGET = 17.2;
				LOCALIZATION_PREFERS_STRING_CATALOGS = YES;
				MTL_ENABLE_DEBUG_INFO = INCLUDE_SOURCE;
				MTL_FAST_MATH = YES;
				ONLY_ACTIVE_ARCH = YES;
				SDKROOT = iphoneos;
				SWIFT_ACTIVE_COMPILATION_CONDITIONS = "DEBUG $(inherited)";
				SWIFT_OPTIMIZATION_LEVEL = "-Onone";
			};
			name = Debug;
		};
		701576382B67E9890094684C /* Release */ = {
			isa = XCBuildConfiguration;
			buildSettings = {
				ALWAYS_SEARCH_USER_PATHS = NO;
				ASSETCATALOG_COMPILER_GENERATE_SWIFT_ASSET_SYMBOL_EXTENSIONS = YES;
				CLANG_ANALYZER_NONNULL = YES;
				CLANG_ANALYZER_NUMBER_OBJECT_CONVERSION = YES_AGGRESSIVE;
				CLANG_CXX_LANGUAGE_STANDARD = "gnu++20";
				CLANG_ENABLE_MODULES = YES;
				CLANG_ENABLE_OBJC_ARC = YES;
				CLANG_ENABLE_OBJC_WEAK = YES;
				CLANG_WARN_BLOCK_CAPTURE_AUTORELEASING = YES;
				CLANG_WARN_BOOL_CONVERSION = YES;
				CLANG_WARN_COMMA = YES;
				CLANG_WARN_CONSTANT_CONVERSION = YES;
				CLANG_WARN_DEPRECATED_OBJC_IMPLEMENTATIONS = YES;
				CLANG_WARN_DIRECT_OBJC_ISA_USAGE = YES_ERROR;
				CLANG_WARN_DOCUMENTATION_COMMENTS = YES;
				CLANG_WARN_EMPTY_BODY = YES;
				CLANG_WARN_ENUM_CONVERSION = YES;
				CLANG_WARN_INFINITE_RECURSION = YES;
				CLANG_WARN_INT_CONVERSION = YES;
				CLANG_WARN_NON_LITERAL_NULL_CONVERSION = YES;
				CLANG_WARN_OBJC_IMPLICIT_RETAIN_SELF = YES;
				CLANG_WARN_OBJC_LITERAL_CONVERSION = YES;
				CLANG_WARN_OBJC_ROOT_CLASS = YES_ERROR;
				CLANG_WARN_QUOTED_INCLUDE_IN_FRAMEWORK_HEADER = YES;
				CLANG_WARN_RANGE_LOOP_ANALYSIS = YES;
				CLANG_WARN_STRICT_PROTOTYPES = YES;
				CLANG_WARN_SUSPICIOUS_MOVE = YES;
				CLANG_WARN_UNGUARDED_AVAILABILITY = YES_AGGRESSIVE;
				CLANG_WARN_UNREACHABLE_CODE = YES;
				CLANG_WARN__DUPLICATE_METHOD_MATCH = YES;
				COPY_PHASE_STRIP = NO;
				DEBUG_INFORMATION_FORMAT = "dwarf-with-dsym";
				ENABLE_NS_ASSERTIONS = NO;
				ENABLE_STRICT_OBJC_MSGSEND = YES;
				ENABLE_USER_SCRIPT_SANDBOXING = YES;
				GCC_C_LANGUAGE_STANDARD = gnu17;
				GCC_NO_COMMON_BLOCKS = YES;
				GCC_WARN_64_TO_32_BIT_CONVERSION = YES;
				GCC_WARN_ABOUT_RETURN_TYPE = YES_ERROR;
				GCC_WARN_UNDECLARED_SELECTOR = YES;
				GCC_WARN_UNINITIALIZED_AUTOS = YES_AGGRESSIVE;
				GCC_WARN_UNUSED_FUNCTION = YES;
				GCC_WARN_UNUSED_VARIABLE = YES;
				IPHONEOS_DEPLOYMENT_TARGET = 17.2;
				LOCALIZATION_PREFERS_STRING_CATALOGS = YES;
				MTL_ENABLE_DEBUG_INFO = NO;
				MTL_FAST_MATH = YES;
				SDKROOT = iphoneos;
				SWIFT_COMPILATION_MODE = wholemodule;
				VALIDATE_PRODUCT = YES;
			};
			name = Release;
		};
		7015763A2B67E9890094684C /* Debug */ = {
			isa = XCBuildConfiguration;
			buildSettings = {
				ASSETCATALOG_COMPILER_APPICON_NAME = AppIcon;
				ASSETCATALOG_COMPILER_GLOBAL_ACCENT_COLOR_NAME = AccentColor;
				CODE_SIGN_STYLE = Automatic;
				CURRENT_PROJECT_VERSION = 1;
				GENERATE_INFOPLIST_FILE = YES;
				INFOPLIST_FILE = Pokedex/Info.plist;
				INFOPLIST_KEY_UIApplicationSupportsIndirectInputEvents = YES;
				INFOPLIST_KEY_UILaunchStoryboardName = LaunchScreen;
				INFOPLIST_KEY_UISupportedInterfaceOrientations_iPad = "UIInterfaceOrientationPortrait UIInterfaceOrientationPortraitUpsideDown UIInterfaceOrientationLandscapeLeft UIInterfaceOrientationLandscapeRight";
				INFOPLIST_KEY_UISupportedInterfaceOrientations_iPhone = "UIInterfaceOrientationPortrait UIInterfaceOrientationLandscapeLeft UIInterfaceOrientationLandscapeRight";
				LD_RUNPATH_SEARCH_PATHS = (
					"$(inherited)",
					"@executable_path/Frameworks",
				);
				MARKETING_VERSION = 1.0;
				PRODUCT_BUNDLE_IDENTIFIER = mirelle.Pokedex;
				PRODUCT_NAME = "$(TARGET_NAME)";
				SWIFT_EMIT_LOC_STRINGS = YES;
				SWIFT_VERSION = 5.0;
				TARGETED_DEVICE_FAMILY = "1,2";
			};
			name = Debug;
		};
		7015763B2B67E9890094684C /* Release */ = {
			isa = XCBuildConfiguration;
			buildSettings = {
				ASSETCATALOG_COMPILER_APPICON_NAME = AppIcon;
				ASSETCATALOG_COMPILER_GLOBAL_ACCENT_COLOR_NAME = AccentColor;
				CODE_SIGN_STYLE = Automatic;
				CURRENT_PROJECT_VERSION = 1;
				GENERATE_INFOPLIST_FILE = YES;
				INFOPLIST_FILE = Pokedex/Info.plist;
				INFOPLIST_KEY_UIApplicationSupportsIndirectInputEvents = YES;
				INFOPLIST_KEY_UILaunchStoryboardName = LaunchScreen;
				INFOPLIST_KEY_UISupportedInterfaceOrientations_iPad = "UIInterfaceOrientationPortrait UIInterfaceOrientationPortraitUpsideDown UIInterfaceOrientationLandscapeLeft UIInterfaceOrientationLandscapeRight";
				INFOPLIST_KEY_UISupportedInterfaceOrientations_iPhone = "UIInterfaceOrientationPortrait UIInterfaceOrientationLandscapeLeft UIInterfaceOrientationLandscapeRight";
				LD_RUNPATH_SEARCH_PATHS = (
					"$(inherited)",
					"@executable_path/Frameworks",
				);
				MARKETING_VERSION = 1.0;
				PRODUCT_BUNDLE_IDENTIFIER = mirelle.Pokedex;
				PRODUCT_NAME = "$(TARGET_NAME)";
				SWIFT_EMIT_LOC_STRINGS = YES;
				SWIFT_VERSION = 5.0;
				TARGETED_DEVICE_FAMILY = "1,2";
			};
			name = Release;
		};
/* End XCBuildConfiguration section */

/* Begin XCConfigurationList section */
		701576202B67E9850094684C /* Build configuration list for PBXProject "Pokedex" */ = {
			isa = XCConfigurationList;
			buildConfigurations = (
				701576372B67E9890094684C /* Debug */,
				701576382B67E9890094684C /* Release */,
			);
			defaultConfigurationIsVisible = 0;
			defaultConfigurationName = Release;
		};
		701576392B67E9890094684C /* Build configuration list for PBXNativeTarget "Pokedex" */ = {
			isa = XCConfigurationList;
			buildConfigurations = (
				7015763A2B67E9890094684C /* Debug */,
				7015763B2B67E9890094684C /* Release */,
			);
			defaultConfigurationIsVisible = 0;
			defaultConfigurationName = Release;
		};
/* End XCConfigurationList section */
	};
	rootObject = 7015761D2B67E9850094684C /* Project object */;
}
